
Microsoft Visual Studio Solution File, Format Version 12.00
# Visual Studio Version 17
VisualStudioVersion = 17.3.32922.545
MinimumVisualStudioVersion = 10.0.40219.1
Project("{8BC9CEB8-8B4A-11D0-8D11-00A0C91BC942}") = "oop_lab8_prog", "oop_lab5_prog\oop_lab5_prog.vcxproj", "{D22B1D59-9E81-4E31-BDBD-141E62F44DE6}"
EndProject
Project("{8BC9CEB8-8B4A-11D0-8D11-00A0C91BC942}") = "oop_lab8_test", "oop_lab8_test\oop_lab8_test.vcxproj", "{A78136F7-65D2-4E67-9A68-B22464112706}"
EndProject
Global
	GlobalSection(SolutionConfigurationPlatforms) = preSolution
		Debug|x64 = Debug|x64
		Debug|x86 = Debug|x86
		Release|x64 = Release|x64
		Release|x86 = Release|x86
	EndGlobalSection
	GlobalSection(ProjectConfigurationPlatforms) = postSolution
		{D22B1D59-9E81-4E31-BDBD-141E62F44DE6}.Debug|x64.ActiveCfg = Debug|x64
		{D22B1D59-9E81-4E31-BDBD-141E62F44DE6}.Debug|x64.Build.0 = Debug|x64
		{D22B1D59-9E81-4E31-BDBD-141E62F44DE6}.Debug|x86.ActiveCfg = Debug|Win32
		{D22B1D59-9E81-4E31-BDBD-141E62F44DE6}.Debug|x86.Build.0 = Debug|Win32
		{D22B1D59-9E81-4E31-BDBD-141E62F44DE6}.Release|x64.ActiveCfg = Release|x64
		{D22B1D59-9E81-4E31-BDBD-141E62F44DE6}.Release|x64.Build.0 = Release|x64
		{D22B1D59-9E81-4E31-BDBD-141E62F44DE6}.Release|x86.ActiveCfg = Release|Win32
		{D22B1D59-9E81-4E31-BDBD-141E62F44DE6}.Release|x86.Build.0 = Release|Win32
		{A78136F7-65D2-4E67-9A68-B22464112706}.Debug|x64.ActiveCfg = Debug|x64
		{A78136F7-65D2-4E67-9A68-B22464112706}.Debug|x64.Build.0 = Debug|x64
		{A78136F7-65D2-4E67-9A68-B22464112706}.Debug|x86.ActiveCfg = Debug|Win32
		{A78136F7-65D2-4E67-9A68-B22464112706}.Debug|x86.Build.0 = Debug|Win32
		{A78136F7-65D2-4E67-9A68-B22464112706}.Release|x64.ActiveCfg = Release|x64
		{A78136F7-65D2-4E67-9A68-B22464112706}.Release|x64.Build.0 = Release|x64
		{A78136F7-65D2-4E67-9A68-B22464112706}.Release|x86.ActiveCfg = Release|Win32
		{A78136F7-65D2-4E67-9A68-B22464112706}.Release|x86.Build.0 = Release|Win32
	EndGlobalSection
	GlobalSection(SolutionProperties) = preSolution
		HideSolutionNode = FALSE
	EndGlobalSection
	GlobalSection(ExtensibilityGlobals) = postSolution
		SolutionGuid = {41EA28B9-199C-41AA-9BCB-E081AB36C6BD}
	EndGlobalSection
EndGlobal
